// !$*UTF8*$!
{
	archiveVersion = 1;
	classes = {
	};
	objectVersion = 52;
	objects = {

/* Begin PBXBuildFile section */
		F136E92426C4FA25008699F6 /* AppDelegate.swift in Sources */ = {isa = PBXBuildFile; fileRef = F136E92326C4FA25008699F6 /* AppDelegate.swift */; };
		F136E92626C4FA25008699F6 /* SceneDelegate.swift in Sources */ = {isa = PBXBuildFile; fileRef = F136E92526C4FA25008699F6 /* SceneDelegate.swift */; };
		F136E92826C4FA25008699F6 /* ViewController.swift in Sources */ = {isa = PBXBuildFile; fileRef = F136E92726C4FA25008699F6 /* ViewController.swift */; };
		F136E92B26C4FA25008699F6 /* Main.storyboard in Resources */ = {isa = PBXBuildFile; fileRef = F136E92926C4FA25008699F6 /* Main.storyboard */; };
		F136E92D26C4FA26008699F6 /* Assets.xcassets in Resources */ = {isa = PBXBuildFile; fileRef = F136E92C26C4FA26008699F6 /* Assets.xcassets */; };
		F136E93026C4FA26008699F6 /* LaunchScreen.storyboard in Resources */ = {isa = PBXBuildFile; fileRef = F136E92E26C4FA26008699F6 /* LaunchScreen.storyboard */; };
		F136E93926C4FA6A008699F6 /* AlamofireImage in Frameworks */ = {isa = PBXBuildFile; productRef = F136E93826C4FA6A008699F6 /* AlamofireImage */; };
		F136E93B26C4FBF8008699F6 /* TabBarViewController.swift in Sources */ = {isa = PBXBuildFile; fileRef = F136E93A26C4FBF8008699F6 /* TabBarViewController.swift */; };
		F136E93D26C4FC7C008699F6 /* NavigationViewController.swift in Sources */ = {isa = PBXBuildFile; fileRef = F136E93C26C4FC7C008699F6 /* NavigationViewController.swift */; };
		F136E93F26C4FD88008699F6 /* IconViewController.swift in Sources */ = {isa = PBXBuildFile; fileRef = F136E93E26C4FD88008699F6 /* IconViewController.swift */; };
		F136E94226C4FF11008699F6 /* PriceTableViewCell.swift in Sources */ = {isa = PBXBuildFile; fileRef = F136E94026C4FF10008699F6 /* PriceTableViewCell.swift */; };
		F136E94326C4FF11008699F6 /* PriceTableViewCell.xib in Resources */ = {isa = PBXBuildFile; fileRef = F136E94126C4FF11008699F6 /* PriceTableViewCell.xib */; };
		F136E94526C50154008699F6 /* JsonObject.swift in Sources */ = {isa = PBXBuildFile; fileRef = F136E94426C50154008699F6 /* JsonObject.swift */; };
		F136E94A26C51D9A008699F6 /* IconTableViewCell.swift in Sources */ = {isa = PBXBuildFile; fileRef = F136E94826C51D9A008699F6 /* IconTableViewCell.swift */; };
		F136E94B26C51D9A008699F6 /* IconTableViewCell.xib in Resources */ = {isa = PBXBuildFile; fileRef = F136E94926C51D9A008699F6 /* IconTableViewCell.xib */; };
		F136E94D26C51DE9008699F6 /* JsonObjectIcon.swift in Sources */ = {isa = PBXBuildFile; fileRef = F136E94C26C51DE9008699F6 /* JsonObjectIcon.swift */; };
		F136E94F26C52A4A008699F6 /* DetailViewController.swift in Sources */ = {isa = PBXBuildFile; fileRef = F136E94E26C52A4A008699F6 /* DetailViewController.swift */; };
		F136E95226C52C74008699F6 /* DetailTableViewCell.swift in Sources */ = {isa = PBXBuildFile; fileRef = F136E95026C52C74008699F6 /* DetailTableViewCell.swift */; };
		F136E95326C52C74008699F6 /* DetailTableViewCell.xib in Resources */ = {isa = PBXBuildFile; fileRef = F136E95126C52C74008699F6 /* DetailTableViewCell.xib */; };
		F136E95526C52DBA008699F6 /* JsonObjectDetail.swift in Sources */ = {isa = PBXBuildFile; fileRef = F136E95426C52DBA008699F6 /* JsonObjectDetail.swift */; };
/* End PBXBuildFile section */

/* Begin PBXFileReference section */
		F136E92026C4FA25008699F6 /* Eval3.app */ = {isa = PBXFileReference; explicitFileType = wrapper.application; includeInIndex = 0; path = Eval3.app; sourceTree = BUILT_PRODUCTS_DIR; };
		F136E92326C4FA25008699F6 /* AppDelegate.swift */ = {isa = PBXFileReference; lastKnownFileType = sourcecode.swift; path = AppDelegate.swift; sourceTree = "<group>"; };
		F136E92526C4FA25008699F6 /* SceneDelegate.swift */ = {isa = PBXFileReference; lastKnownFileType = sourcecode.swift; path = SceneDelegate.swift; sourceTree = "<group>"; };
		F136E92726C4FA25008699F6 /* ViewController.swift */ = {isa = PBXFileReference; lastKnownFileType = sourcecode.swift; path = ViewController.swift; sourceTree = "<group>"; };
		F136E92A26C4FA25008699F6 /* Base */ = {isa = PBXFileReference; lastKnownFileType = file.storyboard; name = Base; path = Base.lproj/Main.storyboard; sourceTree = "<group>"; };
		F136E92C26C4FA26008699F6 /* Assets.xcassets */ = {isa = PBXFileReference; lastKnownFileType = folder.assetcatalog; path = Assets.xcassets; sourceTree = "<group>"; };
		F136E92F26C4FA26008699F6 /* Base */ = {isa = PBXFileReference; lastKnownFileType = file.storyboard; name = Base; path = Base.lproj/LaunchScreen.storyboard; sourceTree = "<group>"; };
		F136E93126C4FA26008699F6 /* Info.plist */ = {isa = PBXFileReference; lastKnownFileType = text.plist.xml; path = Info.plist; sourceTree = "<group>"; };
		F136E93A26C4FBF8008699F6 /* TabBarViewController.swift */ = {isa = PBXFileReference; lastKnownFileType = sourcecode.swift; path = TabBarViewController.swift; sourceTree = "<group>"; };
		F136E93C26C4FC7C008699F6 /* NavigationViewController.swift */ = {isa = PBXFileReference; lastKnownFileType = sourcecode.swift; path = NavigationViewController.swift; sourceTree = "<group>"; };
		F136E93E26C4FD88008699F6 /* IconViewController.swift */ = {isa = PBXFileReference; lastKnownFileType = sourcecode.swift; path = IconViewController.swift; sourceTree = "<group>"; };
		F136E94026C4FF10008699F6 /* PriceTableViewCell.swift */ = {isa = PBXFileReference; lastKnownFileType = sourcecode.swift; path = PriceTableViewCell.swift; sourceTree = "<group>"; };
		F136E94126C4FF11008699F6 /* PriceTableViewCell.xib */ = {isa = PBXFileReference; lastKnownFileType = file.xib; path = PriceTableViewCell.xib; sourceTree = "<group>"; };
		F136E94426C50154008699F6 /* JsonObject.swift */ = {isa = PBXFileReference; lastKnownFileType = sourcecode.swift; path = JsonObject.swift; sourceTree = "<group>"; };
		F136E94826C51D9A008699F6 /* IconTableViewCell.swift */ = {isa = PBXFileReference; lastKnownFileType = sourcecode.swift; path = IconTableViewCell.swift; sourceTree = "<group>"; };
		F136E94926C51D9A008699F6 /* IconTableViewCell.xib */ = {isa = PBXFileReference; lastKnownFileType = file.xib; path = IconTableViewCell.xib; sourceTree = "<group>"; };
		F136E94C26C51DE9008699F6 /* JsonObjectIcon.swift */ = {isa = PBXFileReference; lastKnownFileType = sourcecode.swift; path = JsonObjectIcon.swift; sourceTree = "<group>"; };
		F136E94E26C52A4A008699F6 /* DetailViewController.swift */ = {isa = PBXFileReference; lastKnownFileType = sourcecode.swift; path = DetailViewController.swift; sourceTree = "<group>"; };
		F136E95026C52C74008699F6 /* DetailTableViewCell.swift */ = {isa = PBXFileReference; lastKnownFileType = sourcecode.swift; path = DetailTableViewCell.swift; sourceTree = "<group>"; };
		F136E95126C52C74008699F6 /* DetailTableViewCell.xib */ = {isa = PBXFileReference; lastKnownFileType = file.xib; path = DetailTableViewCell.xib; sourceTree = "<group>"; };
		F136E95426C52DBA008699F6 /* JsonObjectDetail.swift */ = {isa = PBXFileReference; lastKnownFileType = sourcecode.swift; path = JsonObjectDetail.swift; sourceTree = "<group>"; };
/* End PBXFileReference section */

/* Begin PBXFrameworksBuildPhase section */
		F136E91D26C4FA25008699F6 /* Frameworks */ = {
			isa = PBXFrameworksBuildPhase;
			buildActionMask = 2147483647;
			files = (
				F136E93926C4FA6A008699F6 /* AlamofireImage in Frameworks */,
			);
			runOnlyForDeploymentPostprocessing = 0;
		};
/* End PBXFrameworksBuildPhase section */

/* Begin PBXGroup section */
		F136E91726C4FA25008699F6 = {
			isa = PBXGroup;
			children = (
				F136E92226C4FA25008699F6 /* Eval3 */,
				F136E92126C4FA25008699F6 /* Products */,
			);
			sourceTree = "<group>";
		};
		F136E92126C4FA25008699F6 /* Products */ = {
			isa = PBXGroup;
			children = (
				F136E92026C4FA25008699F6 /* Eval3.app */,
			);
			name = Products;
			sourceTree = "<group>";
		};
		F136E92226C4FA25008699F6 /* Eval3 */ = {
			isa = PBXGroup;
			children = (
				F136E92326C4FA25008699F6 /* AppDelegate.swift */,
				F136E92526C4FA25008699F6 /* SceneDelegate.swift */,
				F136E92726C4FA25008699F6 /* ViewController.swift */,
				F136E94026C4FF10008699F6 /* PriceTableViewCell.swift */,
				F136E94126C4FF11008699F6 /* PriceTableViewCell.xib */,
				F136E93A26C4FBF8008699F6 /* TabBarViewController.swift */,
				F136E92926C4FA25008699F6 /* Main.storyboard */,
				F136E94E26C52A4A008699F6 /* DetailViewController.swift */,
				F136E95426C52DBA008699F6 /* JsonObjectDetail.swift */,
				F136E95026C52C74008699F6 /* DetailTableViewCell.swift */,
				F136E95126C52C74008699F6 /* DetailTableViewCell.xib */,
				F136E94826C51D9A008699F6 /* IconTableViewCell.swift */,
				F136E94C26C51DE9008699F6 /* JsonObjectIcon.swift */,
				F136E94926C51D9A008699F6 /* IconTableViewCell.xib */,
				F136E94426C50154008699F6 /* JsonObject.swift */,
				F136E93E26C4FD88008699F6 /* IconViewController.swift */,
				F136E93C26C4FC7C008699F6 /* NavigationViewController.swift */,
				F136E92C26C4FA26008699F6 /* Assets.xcassets */,
				F136E92E26C4FA26008699F6 /* LaunchScreen.storyboard */,
				F136E93126C4FA26008699F6 /* Info.plist */,
			);
			path = Eval3;
			sourceTree = "<group>";
		};
/* End PBXGroup section */

/* Begin PBXNativeTarget section */
		F136E91F26C4FA25008699F6 /* Eval3 */ = {
			isa = PBXNativeTarget;
			buildConfigurationList = F136E93426C4FA26008699F6 /* Build configuration list for PBXNativeTarget "Eval3" */;
			buildPhases = (
				F136E91C26C4FA25008699F6 /* Sources */,
				F136E91D26C4FA25008699F6 /* Frameworks */,
				F136E91E26C4FA25008699F6 /* Resources */,
			);
			buildRules = (
			);
			dependencies = (
			);
			name = Eval3;
			packageProductDependencies = (
				F136E93826C4FA6A008699F6 /* AlamofireImage */,
			);
			productName = Eval3;
			productReference = F136E92026C4FA25008699F6 /* Eval3.app */;
			productType = "com.apple.product-type.application";
		};
/* End PBXNativeTarget section */

/* Begin PBXProject section */
		F136E91826C4FA25008699F6 /* Project object */ = {
			isa = PBXProject;
			attributes = {
				LastSwiftUpdateCheck = 1250;
				LastUpgradeCheck = 1250;
				TargetAttributes = {
					F136E91F26C4FA25008699F6 = {
						CreatedOnToolsVersion = 12.5;
					};
				};
			};
			buildConfigurationList = F136E91B26C4FA25008699F6 /* Build configuration list for PBXProject "Eval3" */;
			compatibilityVersion = "Xcode 9.3";
			developmentRegion = en;
			hasScannedForEncodings = 0;
			knownRegions = (
				en,
				Base,
			);
			mainGroup = F136E91726C4FA25008699F6;
			packageReferences = (
				F136E93726C4FA6A008699F6 /* XCRemoteSwiftPackageReference "AlamofireImage" */,
			);
			productRefGroup = F136E92126C4FA25008699F6 /* Products */;
			projectDirPath = "";
			projectRoot = "";
			targets = (
				F136E91F26C4FA25008699F6 /* Eval3 */,
			);
		};
/* End PBXProject section */

/* Begin PBXResourcesBuildPhase section */
		F136E91E26C4FA25008699F6 /* Resources */ = {
			isa = PBXResourcesBuildPhase;
			buildActionMask = 2147483647;
			files = (
				F136E93026C4FA26008699F6 /* LaunchScreen.storyboard in Resources */,
				F136E94B26C51D9A008699F6 /* IconTableViewCell.xib in Resources */,
				F136E94326C4FF11008699F6 /* PriceTableViewCell.xib in Resources */,
				F136E92D26C4FA26008699F6 /* Assets.xcassets in Resources */,
				F136E95326C52C74008699F6 /* DetailTableViewCell.xib in Resources */,
				F136E92B26C4FA25008699F6 /* Main.storyboard in Resources */,
			);
			runOnlyForDeploymentPostprocessing = 0;
		};
/* End PBXResourcesBuildPhase section */

/* Begin PBXSourcesBuildPhase section */
		F136E91C26C4FA25008699F6 /* Sources */ = {
			isa = PBXSourcesBuildPhase;
			buildActionMask = 2147483647;
			files = (
				F136E94F26C52A4A008699F6 /* DetailViewController.swift in Sources */,
				F136E93B26C4FBF8008699F6 /* TabBarViewController.swift in Sources */,
				F136E95526C52DBA008699F6 /* JsonObjectDetail.swift in Sources */,
				F136E94D26C51DE9008699F6 /* JsonObjectIcon.swift in Sources */,
				F136E92826C4FA25008699F6 /* ViewController.swift in Sources */,
				F136E94A26C51D9A008699F6 /* IconTableViewCell.swift in Sources */,
				F136E92426C4FA25008699F6 /* AppDelegate.swift in Sources */,
				F136E95226C52C74008699F6 /* DetailTableViewCell.swift in Sources */,
				F136E93D26C4FC7C008699F6 /* NavigationViewController.swift in Sources */,
				F136E94526C50154008699F6 /* JsonObject.swift in Sources */,
				F136E94226C4FF11008699F6 /* PriceTableViewCell.swift in Sources */,
				F136E92626C4FA25008699F6 /* SceneDelegate.swift in Sources */,
				F136E93F26C4FD88008699F6 /* IconViewController.swift in Sources */,
			);
			runOnlyForDeploymentPostprocessing = 0;
		};
/* End PBXSourcesBuildPhase section */

/* Begin PBXVariantGroup section */
		F136E92926C4FA25008699F6 /* Main.storyboard */ = {
			isa = PBXVariantGroup;
			children = (
				F136E92A26C4FA25008699F6 /* Base */,
			);
			name = Main.storyboard;
			sourceTree = "<group>";
		};
		F136E92E26C4FA26008699F6 /* LaunchScreen.storyboard */ = {
			isa = PBXVariantGroup;
			children = (
				F136E92F26C4FA26008699F6 /* Base */,
			);
			name = LaunchScreen.storyboard;
			sourceTree = "<group>";
		};
/* End PBXVariantGroup section */

/* Begin XCBuildConfiguration section */
		F136E93226C4FA26008699F6 /* Debug */ = {
			isa = XCBuildConfiguration;
			buildSettings = {
				ALWAYS_SEARCH_USER_PATHS = NO;
				CLANG_ANALYZER_NONNULL = YES;
				CLANG_ANALYZER_NUMBER_OBJECT_CONVERSION = YES_AGGRESSIVE;
				CLANG_CXX_LANGUAGE_STANDARD = "gnu++14";
				CLANG_CXX_LIBRARY = "libc++";
				CLANG_ENABLE_MODULES = YES;
				CLANG_ENABLE_OBJC_ARC = YES;
				CLANG_ENABLE_OBJC_WEAK = YES;
				CLANG_WARN_BLOCK_CAPTURE_AUTORELEASING = YES;
				CLANG_WARN_BOOL_CONVERSION = YES;
				CLANG_WARN_COMMA = YES;
				CLANG_WARN_CONSTANT_CONVERSION = YES;
				CLANG_WARN_DEPRECATED_OBJC_IMPLEMENTATIONS = YES;
				CLANG_WARN_DIRECT_OBJC_ISA_USAGE = YES_ERROR;
				CLANG_WARN_DOCUMENTATION_COMMENTS = YES;
				CLANG_WARN_EMPTY_BODY = YES;
				CLANG_WARN_ENUM_CONVERSION = YES;
				CLANG_WARN_INFINITE_RECURSION = YES;
				CLANG_WARN_INT_CONVERSION = YES;
				CLANG_WARN_NON_LITERAL_NULL_CONVERSION = YES;
				CLANG_WARN_OBJC_IMPLICIT_RETAIN_SELF = YES;
				CLANG_WARN_OBJC_LITERAL_CONVERSION = YES;
				CLANG_WARN_OBJC_ROOT_CLASS = YES_ERROR;
				CLANG_WARN_QUOTED_INCLUDE_IN_FRAMEWORK_HEADER = YES;
				CLANG_WARN_RANGE_LOOP_ANALYSIS = YES;
				CLANG_WARN_STRICT_PROTOTYPES = YES;
				CLANG_WARN_SUSPICIOUS_MOVE = YES;
				CLANG_WARN_UNGUARDED_AVAILABILITY = YES_AGGRESSIVE;
				CLANG_WARN_UNREACHABLE_CODE = YES;
				CLANG_WARN__DUPLICATE_METHOD_MATCH = YES;
				COPY_PHASE_STRIP = NO;
				DEBUG_INFORMATION_FORMAT = dwarf;
				ENABLE_STRICT_OBJC_MSGSEND = YES;
				ENABLE_TESTABILITY = YES;
				GCC_C_LANGUAGE_STANDARD = gnu11;
				GCC_DYNAMIC_NO_PIC = NO;
				GCC_NO_COMMON_BLOCKS = YES;
				GCC_OPTIMIZATION_LEVEL = 0;
				GCC_PREPROCESSOR_DEFINITIONS = (
					"DEBUG=1",
					"$(inherited)",
				);
				GCC_WARN_64_TO_32_BIT_CONVERSION = YES;
				GCC_WARN_ABOUT_RETURN_TYPE = YES_ERROR;
				GCC_WARN_UNDECLARED_SELECTOR = YES;
				GCC_WARN_UNINITIALIZED_AUTOS = YES_AGGRESSIVE;
				GCC_WARN_UNUSED_FUNCTION = YES;
				GCC_WARN_UNUSED_VARIABLE = YES;
				IPHONEOS_DEPLOYMENT_TARGET = 14.5;
				MTL_ENABLE_DEBUG_INFO = INCLUDE_SOURCE;
				MTL_FAST_MATH = YES;
				ONLY_ACTIVE_ARCH = YES;
				SDKROOT = iphoneos;
				SWIFT_ACTIVE_COMPILATION_CONDITIONS = DEBUG;
				SWIFT_OPTIMIZATION_LEVEL = "-Onone";
			};
			name = Debug;
		};
		F136E93326C4FA26008699F6 /* Release */ = {
			isa = XCBuildConfiguration;
			buildSettings = {
				ALWAYS_SEARCH_USER_PATHS = NO;
				CLANG_ANALYZER_NONNULL = YES;
				CLANG_ANALYZER_NUMBER_OBJECT_CONVERSION = YES_AGGRESSIVE;
				CLANG_CXX_LANGUAGE_STANDARD = "gnu++14";
				CLANG_CXX_LIBRARY = "libc++";
				CLANG_ENABLE_MODULES = YES;
				CLANG_ENABLE_OBJC_ARC = YES;
				CLANG_ENABLE_OBJC_WEAK = YES;
				CLANG_WARN_BLOCK_CAPTURE_AUTORELEASING = YES;
				CLANG_WARN_BOOL_CONVERSION = YES;
				CLANG_WARN_COMMA = YES;
				CLANG_WARN_CONSTANT_CONVERSION = YES;
				CLANG_WARN_DEPRECATED_OBJC_IMPLEMENTATIONS = YES;
				CLANG_WARN_DIRECT_OBJC_ISA_USAGE = YES_ERROR;
				CLANG_WARN_DOCUMENTATION_COMMENTS = YES;
				CLANG_WARN_EMPTY_BODY = YES;
				CLANG_WARN_ENUM_CONVERSION = YES;
				CLANG_WARN_INFINITE_RECURSION = YES;
				CLANG_WARN_INT_CONVERSION = YES;
				CLANG_WARN_NON_LITERAL_NULL_CONVERSION = YES;
				CLANG_WARN_OBJC_IMPLICIT_RETAIN_SELF = YES;
				CLANG_WARN_OBJC_LITERAL_CONVERSION = YES;
				CLANG_WARN_OBJC_ROOT_CLASS = YES_ERROR;
				CLANG_WARN_QUOTED_INCLUDE_IN_FRAMEWORK_HEADER = YES;
				CLANG_WARN_RANGE_LOOP_ANALYSIS = YES;
				CLANG_WARN_STRICT_PROTOTYPES = YES;
				CLANG_WARN_SUSPICIOUS_MOVE = YES;
				CLANG_WARN_UNGUARDED_AVAILABILITY = YES_AGGRESSIVE;
				CLANG_WARN_UNREACHABLE_CODE = YES;
				CLANG_WARN__DUPLICATE_METHOD_MATCH = YES;
				COPY_PHASE_STRIP = NO;
				DEBUG_INFORMATION_FORMAT = "dwarf-with-dsym";
				ENABLE_NS_ASSERTIONS = NO;
				ENABLE_STRICT_OBJC_MSGSEND = YES;
				GCC_C_LANGUAGE_STANDARD = gnu11;
				GCC_NO_COMMON_BLOCKS = YES;
				GCC_WARN_64_TO_32_BIT_CONVERSION = YES;
				GCC_WARN_ABOUT_RETURN_TYPE = YES_ERROR;
				GCC_WARN_UNDECLARED_SELECTOR = YES;
				GCC_WARN_UNINITIALIZED_AUTOS = YES_AGGRESSIVE;
				GCC_WARN_UNUSED_FUNCTION = YES;
				GCC_WARN_UNUSED_VARIABLE = YES;
				IPHONEOS_DEPLOYMENT_TARGET = 14.5;
				MTL_ENABLE_DEBUG_INFO = NO;
				MTL_FAST_MATH = YES;
				SDKROOT = iphoneos;
				SWIFT_COMPILATION_MODE = wholemodule;
				SWIFT_OPTIMIZATION_LEVEL = "-O";
				VALIDATE_PRODUCT = YES;
			};
			name = Release;
		};
		F136E93526C4FA26008699F6 /* Debug */ = {
			isa = XCBuildConfiguration;
			buildSettings = {
				ASSETCATALOG_COMPILER_APPICON_NAME = AppIcon;
				ASSETCATALOG_COMPILER_GLOBAL_ACCENT_COLOR_NAME = AccentColor;
				CODE_SIGN_STYLE = Automatic;
				INFOPLIST_FILE = Eval3/Info.plist;
				LD_RUNPATH_SEARCH_PATHS = (
					"$(inherited)",
					"@executable_path/Frameworks",
				);
				PRODUCT_BUNDLE_IDENTIFIER = com.imen.Eval3;
				PRODUCT_NAME = "$(TARGET_NAME)";
				SWIFT_VERSION = 5.0;
				TARGETED_DEVICE_FAMILY = "1,2";
			};
			name = Debug;
		};
		F136E93626C4FA26008699F6 /* Release */ = {
			isa = XCBuildConfiguration;
			buildSettings = {
				ASSETCATALOG_COMPILER_APPICON_NAME = AppIcon;
				ASSETCATALOG_COMPILER_GLOBAL_ACCENT_COLOR_NAME = AccentColor;
				CODE_SIGN_STYLE = Automatic;
				INFOPLIST_FILE = Eval3/Info.plist;
				LD_RUNPATH_SEARCH_PATHS = (
					"$(inherited)",
					"@executable_path/Frameworks",
				);
				PRODUCT_BUNDLE_IDENTIFIER = com.imen.Eval3;
				PRODUCT_NAME = "$(TARGET_NAME)";
				SWIFT_VERSION = 5.0;
				TARGETED_DEVICE_FAMILY = "1,2";
			};
			name = Release;
		};
/* End XCBuildConfiguration section */

/* Begin XCConfigurationList section */
		F136E91B26C4FA25008699F6 /* Build configuration list for PBXProject "Eval3" */ = {
			isa = XCConfigurationList;
			buildConfigurations = (
				F136E93226C4FA26008699F6 /* Debug */,
				F136E93326C4FA26008699F6 /* Release */,
			);
			defaultConfigurationIsVisible = 0;
			defaultConfigurationName = Release;
		};
		F136E93426C4FA26008699F6 /* Build configuration list for PBXNativeTarget "Eval3" */ = {
			isa = XCConfigurationList;
			buildConfigurations = (
				F136E93526C4FA26008699F6 /* Debug */,
				F136E93626C4FA26008699F6 /* Release */,
			);
			defaultConfigurationIsVisible = 0;
			defaultConfigurationName = Release;
		};
/* End XCConfigurationList section */

/* Begin XCRemoteSwiftPackageReference section */
		F136E93726C4FA6A008699F6 /* XCRemoteSwiftPackageReference "AlamofireImage" */ = {
			isa = XCRemoteSwiftPackageReference;
			repositoryURL = "https://github.com/Alamofire/AlamofireImage";
			requirement = {
				kind = upToNextMajorVersion;
				minimumVersion = 4.2.0;
			};
		};
/* End XCRemoteSwiftPackageReference section */

/* Begin XCSwiftPackageProductDependency section */
		F136E93826C4FA6A008699F6 /* AlamofireImage */ = {
			isa = XCSwiftPackageProductDependency;
			package = F136E93726C4FA6A008699F6 /* XCRemoteSwiftPackageReference "AlamofireImage" */;
			productName = AlamofireImage;
		};
/* End XCSwiftPackageProductDependency section */
	};
	rootObject = F136E91826C4FA25008699F6 /* Project object */;
}
